
Microsoft Visual Studio Solution File, Format Version 12.00
# Visual Studio Version 17
VisualStudioVersion = 17.6.33829.357
MinimumVisualStudioVersion = 10.0.40219.1
Project("{9A19103F-16F7-4668-BE54-9A1E7A4F7556}") = "Scanner-Project", "ConsoleApp1\Scanner-Project.csproj", "{AF7D4096-7CF3-412D-A8D2-713620DDD7D3}"
EndProject
Global
	GlobalSection(SolutionConfigurationPlatforms) = preSolution
		Debug|Any CPU = Debug|Any CPU
		Release|Any CPU = Release|Any CPU
	EndGlobalSection
	GlobalSection(ProjectConfigurationPlatforms) = postSolution
		{AF7D4096-7CF3-412D-A8D2-713620DDD7D3}.Debug|Any CPU.ActiveCfg = Debug|Any CPU
		{AF7D4096-7CF3-412D-A8D2-713620DDD7D3}.Debug|Any CPU.Build.0 = Debug|Any CPU
		{AF7D4096-7CF3-412D-A8D2-713620DDD7D3}.Release|Any CPU.ActiveCfg = Release|Any CPU
		{AF7D4096-7CF3-412D-A8D2-713620DDD7D3}.Release|Any CPU.Build.0 = Release|Any CPU
	EndGlobalSection
	GlobalSection(SolutionProperties) = preSolution
		HideSolutionNode = FALSE
	EndGlobalSection
	GlobalSection(ExtensibilityGlobals) = postSolution
		SolutionGuid = {0F952800-D1BC-40FB-858F-27880700C9BE}
	EndGlobalSection
EndGlobal
